
Microsoft Visual Studio Solution File, Format Version 12.00
# Visual Studio Version 16
VisualStudioVersion = 16.0.30114.105
MinimumVisualStudioVersion = 10.0.40219.1
Project("{FAE04EC0-301F-11D3-BF4B-00C04F79EFBC}") = "cansuVergiHesabi", "cansuVergiHesabi.csproj", "{757441BB-8DDE-4319-AFF7-F3D9DE638086}"
EndProject
Global
	GlobalSection(SolutionConfigurationPlatforms) = preSolution
		Debug|Any CPU = Debug|Any CPU
		Release|Any CPU = Release|Any CPU
	EndGlobalSection
	GlobalSection(ProjectConfigurationPlatforms) = postSolution
		{757441BB-8DDE-4319-AFF7-F3D9DE638086}.Debug|Any CPU.ActiveCfg = Debug|Any CPU
		{757441BB-8DDE-4319-AFF7-F3D9DE638086}.Debug|Any CPU.Build.0 = Debug|Any CPU
		{757441BB-8DDE-4319-AFF7-F3D9DE638086}.Release|Any CPU.ActiveCfg = Release|Any CPU
		{757441BB-8DDE-4319-AFF7-F3D9DE638086}.Release|Any CPU.Build.0 = Release|Any CPU
	EndGlobalSection
	GlobalSection(SolutionProperties) = preSolution
		HideSolutionNode = FALSE
	EndGlobalSection
	GlobalSection(ExtensibilityGlobals) = postSolution
		SolutionGuid = {6D3673AF-622E-4C35-A8F0-06D984F1345F}
	EndGlobalSection
EndGlobal
