
Microsoft Visual Studio Solution File, Format Version 12.00
# Visual Studio Version 16
VisualStudioVersion = 16.0.30114.105
MinimumVisualStudioVersion = 10.0.40219.1
Project("{FAE04EC0-301F-11D3-BF4B-00C04F79EFBC}") = "ConsoleApp3", "ConsoleApp3\ConsoleApp3.csproj", "{8A10DB40-B4A8-488D-874E-7671C5126D58}"
EndProject
Global
	GlobalSection(SolutionConfigurationPlatforms) = preSolution
		Debug|Any CPU = Debug|Any CPU
		Release|Any CPU = Release|Any CPU
	EndGlobalSection
	GlobalSection(ProjectConfigurationPlatforms) = postSolution
		{8A10DB40-B4A8-488D-874E-7671C5126D58}.Debug|Any CPU.ActiveCfg = Debug|Any CPU
		{8A10DB40-B4A8-488D-874E-7671C5126D58}.Debug|Any CPU.Build.0 = Debug|Any CPU
		{8A10DB40-B4A8-488D-874E-7671C5126D58}.Release|Any CPU.ActiveCfg = Release|Any CPU
		{8A10DB40-B4A8-488D-874E-7671C5126D58}.Release|Any CPU.Build.0 = Release|Any CPU
	EndGlobalSection
	GlobalSection(SolutionProperties) = preSolution
		HideSolutionNode = FALSE
	EndGlobalSection
	GlobalSection(ExtensibilityGlobals) = postSolution
		SolutionGuid = {5E1A38C5-86E3-4A41-85C7-BB11E1CD67D8}
	EndGlobalSection
EndGlobal
