
Microsoft Visual Studio Solution File, Format Version 12.00
# Visual Studio Version 16
VisualStudioVersion = 16.0.30114.105
MinimumVisualStudioVersion = 10.0.40219.1
Project("{FAE04EC0-301F-11D3-BF4B-00C04F79EFBC}") = "DataAccess", "DataAccess\DataAccess.csproj", "{81FDD99E-D8C4-4C22-88D7-EB4D3CBA5266}"
EndProject
Project("{FAE04EC0-301F-11D3-BF4B-00C04F79EFBC}") = "Business", "Business\Business.csproj", "{F213AD68-94F7-49A4-A819-BAC910E0F1EF}"
EndProject
Project("{FAE04EC0-301F-11D3-BF4B-00C04F79EFBC}") = "Entities", "Entities\Entities.csproj", "{993101B0-9BE7-47D7-B3B5-8FE84CFA779B}"
EndProject
Project("{FAE04EC0-301F-11D3-BF4B-00C04F79EFBC}") = "ConsoleUI", "ConsoleUI\ConsoleUI.csproj", "{B91E53AD-A6F5-4AEF-9BAB-F532F0A87ADD}"
EndProject
Global
	GlobalSection(SolutionConfigurationPlatforms) = preSolution
		Debug|Any CPU = Debug|Any CPU
		Release|Any CPU = Release|Any CPU
	EndGlobalSection
	GlobalSection(ProjectConfigurationPlatforms) = postSolution
		{81FDD99E-D8C4-4C22-88D7-EB4D3CBA5266}.Debug|Any CPU.ActiveCfg = Debug|Any CPU
		{81FDD99E-D8C4-4C22-88D7-EB4D3CBA5266}.Debug|Any CPU.Build.0 = Debug|Any CPU
		{81FDD99E-D8C4-4C22-88D7-EB4D3CBA5266}.Release|Any CPU.ActiveCfg = Release|Any CPU
		{81FDD99E-D8C4-4C22-88D7-EB4D3CBA5266}.Release|Any CPU.Build.0 = Release|Any CPU
		{F213AD68-94F7-49A4-A819-BAC910E0F1EF}.Debug|Any CPU.ActiveCfg = Debug|Any CPU
		{F213AD68-94F7-49A4-A819-BAC910E0F1EF}.Debug|Any CPU.Build.0 = Debug|Any CPU
		{F213AD68-94F7-49A4-A819-BAC910E0F1EF}.Release|Any CPU.ActiveCfg = Release|Any CPU
		{F213AD68-94F7-49A4-A819-BAC910E0F1EF}.Release|Any CPU.Build.0 = Release|Any CPU
		{993101B0-9BE7-47D7-B3B5-8FE84CFA779B}.Debug|Any CPU.ActiveCfg = Debug|Any CPU
		{993101B0-9BE7-47D7-B3B5-8FE84CFA779B}.Debug|Any CPU.Build.0 = Debug|Any CPU
		{993101B0-9BE7-47D7-B3B5-8FE84CFA779B}.Release|Any CPU.ActiveCfg = Release|Any CPU
		{993101B0-9BE7-47D7-B3B5-8FE84CFA779B}.Release|Any CPU.Build.0 = Release|Any CPU
		{B91E53AD-A6F5-4AEF-9BAB-F532F0A87ADD}.Debug|Any CPU.ActiveCfg = Debug|Any CPU
		{B91E53AD-A6F5-4AEF-9BAB-F532F0A87ADD}.Debug|Any CPU.Build.0 = Debug|Any CPU
		{B91E53AD-A6F5-4AEF-9BAB-F532F0A87ADD}.Release|Any CPU.ActiveCfg = Release|Any CPU
		{B91E53AD-A6F5-4AEF-9BAB-F532F0A87ADD}.Release|Any CPU.Build.0 = Release|Any CPU
	EndGlobalSection
	GlobalSection(SolutionProperties) = preSolution
		HideSolutionNode = FALSE
	EndGlobalSection
	GlobalSection(ExtensibilityGlobals) = postSolution
		SolutionGuid = {EB55A50E-FC60-452F-8457-9F441CB4DB33}
	EndGlobalSection
EndGlobal
